{
  "name": "canva-test-assets",
  "lockfileVersion": 3,
  "requires": true,
  "packages": {
    "": {
      "dependencies": {
        "@canva/design": "^2.10.1-beta.0"
      }
    },
    "node_modules/@canva/design": {
      "version": "2.10.1-beta.0",
      "resolved": "https://registry.npmjs.org/@canva/design/-/design-2.10.1-beta.0.tgz",
      "integrity": "sha512-83iSNY7MgpCyc/Va21C6i2GFN1O9o63FwAIx2quKqUeHksb6HMvx5J7DgrV29ifX61SkdBw4UkAa02529rAfyA==",
      "license": "SEE LICENSE IN LICENSE.md FILE",
      "peerDependencies": {
        "@canva/error": "^2.0.0"
      }
    },
    "node_modules/@canva/error": {
      "version": "2.2.1",
      "resolved": "https://registry.npmjs.org/@canva/error/-/error-2.2.1.tgz",
      "integrity": "sha512-b5GQMggNaLqtQdN4ENXx2PifFNTO9Ulw8TEwbMZjbPmLS7cAQPfQvXqb0SwPcQ2LQhCIanErrcpOPxQ4s60QNA==",
      "license": "SEE LICENSE IN LICENSE.md FILE",
      "peer": true
    }
  }
}
